
Microsoft Visual Studio Solution File, Format Version 12.00
# Visual Studio Version 17
VisualStudioVersion = 17.3.32804.467
MinimumVisualStudioVersion = 10.0.40219.1
Project("{9A19103F-16F7-4668-BE54-9A1E7A4F7556}") = "AlegeusNextWorflowScheduler", "Alegeus.Next.Worflow.Scheduler\AlegeusNextWorflowScheduler.csproj", "{9C40B50C-EE16-454C-B7D6-B6938A09A922}"
EndProject
Project("{9A19103F-16F7-4668-BE54-9A1E7A4F7556}") = "Dapr.Workflow", "..\dotnet-sdk-master\src\Dapr.Workflow\Dapr.Workflow.csproj", "{E8E7DF00-C586-4D49-9EE3-D72086830B31}"
EndProject
Project("{9A19103F-16F7-4668-BE54-9A1E7A4F7556}") = "AlegeusNextWorkflowMonitor", "Alegeus.Next.Workflow.Monitor\AlegeusNextWorkflowMonitor.csproj", "{2F100E7B-AB95-4635-9A8D-407772DA7C10}"
EndProject
Project("{9A19103F-16F7-4668-BE54-9A1E7A4F7556}") = "AlegeusNextWorkflowFanout", "Alegeus.Next.Workflow.Fanout\AlegeusNextWorkflowFanout.csproj", "{B22432D5-5B21-40EF-82DA-01B074988763}"
EndProject
Project("{2150E333-8FDC-42A3-9474-1A3956D46DE8}") = "dapr", "dapr", "{9A71B3A3-1A2F-4CCB-9049-3B5441B5D908}"
	ProjectSection(SolutionItems) = preProject
		dapr.yaml = dapr.yaml
	EndProjectSection
EndProject
Project("{2150E333-8FDC-42A3-9474-1A3956D46DE8}") = "scheduler", "scheduler", "{7CCBFD50-89C1-43E8-8A13-057F7D6E11E4}"
EndProject
Project("{2150E333-8FDC-42A3-9474-1A3956D46DE8}") = "monitor", "monitor", "{8418BBF7-BDAB-4A60-B89F-FD41D7E911F7}"
EndProject
Project("{2150E333-8FDC-42A3-9474-1A3956D46DE8}") = "fanout", "fanout", "{CBA04124-01C7-4947-9809-C92A8BB576BD}"
EndProject
Global
	GlobalSection(SolutionConfigurationPlatforms) = preSolution
		Debug|Any CPU = Debug|Any CPU
		Release|Any CPU = Release|Any CPU
	EndGlobalSection
	GlobalSection(ProjectConfigurationPlatforms) = postSolution
		{9C40B50C-EE16-454C-B7D6-B6938A09A922}.Debug|Any CPU.ActiveCfg = Debug|Any CPU
		{9C40B50C-EE16-454C-B7D6-B6938A09A922}.Debug|Any CPU.Build.0 = Debug|Any CPU
		{9C40B50C-EE16-454C-B7D6-B6938A09A922}.Release|Any CPU.ActiveCfg = Release|Any CPU
		{9C40B50C-EE16-454C-B7D6-B6938A09A922}.Release|Any CPU.Build.0 = Release|Any CPU
		{E8E7DF00-C586-4D49-9EE3-D72086830B31}.Debug|Any CPU.ActiveCfg = Debug|Any CPU
		{E8E7DF00-C586-4D49-9EE3-D72086830B31}.Debug|Any CPU.Build.0 = Debug|Any CPU
		{E8E7DF00-C586-4D49-9EE3-D72086830B31}.Release|Any CPU.ActiveCfg = Release|Any CPU
		{E8E7DF00-C586-4D49-9EE3-D72086830B31}.Release|Any CPU.Build.0 = Release|Any CPU
		{2F100E7B-AB95-4635-9A8D-407772DA7C10}.Debug|Any CPU.ActiveCfg = Debug|Any CPU
		{2F100E7B-AB95-4635-9A8D-407772DA7C10}.Debug|Any CPU.Build.0 = Debug|Any CPU
		{2F100E7B-AB95-4635-9A8D-407772DA7C10}.Release|Any CPU.ActiveCfg = Release|Any CPU
		{2F100E7B-AB95-4635-9A8D-407772DA7C10}.Release|Any CPU.Build.0 = Release|Any CPU
		{B22432D5-5B21-40EF-82DA-01B074988763}.Debug|Any CPU.ActiveCfg = Debug|Any CPU
		{B22432D5-5B21-40EF-82DA-01B074988763}.Debug|Any CPU.Build.0 = Debug|Any CPU
		{B22432D5-5B21-40EF-82DA-01B074988763}.Release|Any CPU.ActiveCfg = Release|Any CPU
		{B22432D5-5B21-40EF-82DA-01B074988763}.Release|Any CPU.Build.0 = Release|Any CPU
	EndGlobalSection
	GlobalSection(SolutionProperties) = preSolution
		HideSolutionNode = FALSE
	EndGlobalSection
	GlobalSection(NestedProjects) = preSolution
		{9C40B50C-EE16-454C-B7D6-B6938A09A922} = {7CCBFD50-89C1-43E8-8A13-057F7D6E11E4}
		{2F100E7B-AB95-4635-9A8D-407772DA7C10} = {8418BBF7-BDAB-4A60-B89F-FD41D7E911F7}
		{B22432D5-5B21-40EF-82DA-01B074988763} = {CBA04124-01C7-4947-9809-C92A8BB576BD}
	EndGlobalSection
	GlobalSection(ExtensibilityGlobals) = postSolution
		SolutionGuid = {7ED2613D-CC24-4830-B7B2-02138A2157CB}
	EndGlobalSection
EndGlobal
